{
  "name": "playground",
  "version": "1.0.0",
  "lockfileVersion": 2,
  "requires": true,
  "packages": {
    "": {
      "name": "playground",
      "version": "1.0.0",
      "license": "ISC",
      "dependencies": {
        "pixi.js": "^6.0.3"
      }
    },
    "node_modules/@pixi/accessibility": {
      "version": "6.0.3",
      "resolved": "https://registry.npmjs.org/@pixi/accessibility/-/accessibility-6.0.3.tgz",
      "integrity": "sha512-7BBsVHoX1NbJj5HosLVBXSsKF5yfXTNRVb/qttsuQ1+apPde5uLyLD+4D9uBrH2NN+oWKdPmF8oMk4YopgmLRQ==",
      "dependencies": {
        "@pixi/canvas-renderer": "6.0.3",
        "@pixi/core": "6.0.3",
        "@pixi/display": "6.0.3",
        "@pixi/utils": "6.0.3"
      }
    },
    "node_modules/@pixi/app": {
      "version": "6.0.3",
      "resolved": "https://registry.npmjs.org/@pixi/app/-/app-6.0.3.tgz",
      "integrity": "sha512-0aKicH9MDYE0jWQz73TXQ8kAHuHnBjXeQlMfW6YeprC98xg3PqUAxX1uYo+mRwZfbT9sTMhZhts6LxZX9GLzzg==",
      "dependencies": {
        "@pixi/core": "6.0.3",
        "@pixi/display": "6.0.3"
      }
    },
    "node_modules/@pixi/canvas-renderer": {
      "version": "6.0.3",
      "resolved": "https://registry.npmjs.org/@pixi/canvas-renderer/-/canvas-renderer-6.0.3.tgz",
      "integrity": "sha512-IuaGP3qlxPalptrj7KBOyBhUK52lsxOIn2Rwdmt0Rxlxp3zjLpEs9noGb4sj8b01+0b+iCeeQWewBom1IRkWKw==",
      "dependencies": {
        "@pixi/constants": "6.0.3",
        "@pixi/core": "6.0.3",
        "@pixi/math": "6.0.3",
        "@pixi/settings": "6.0.3",
        "@pixi/utils": "6.0.3"
      }
    },
    "node_modules/@pixi/compressed-textures": {
      "version": "6.0.3",
      "resolved": "https://registry.npmjs.org/@pixi/compressed-textures/-/compressed-textures-6.0.3.tgz",
      "integrity": "sha512-W1UnNEjgAOPJEAFyDPgBnHJluJfOkw/1JbYBAg7T/0Q6FgfiYjKHsirt/J6ceXOJTcHw/yAdpgTPZSajc53B/Q==",
      "dependencies": {
        "@pixi/constants": "6.0.3",
        "@pixi/core": "6.0.3",
        "@pixi/loaders": "6.0.3",
        "@pixi/utils": "6.0.3"
      }
    },
    "node_modules/@pixi/constants": {
      "version": "6.0.3",
      "resolved": "https://registry.npmjs.org/@pixi/constants/-/constants-6.0.3.tgz",
      "integrity": "sha512-QNgQqZJCcocbAcAiDTUfkYWV+Y2PRGl4y0HfA4hHi8x0QopM77cLQoL0mBqwG5QCYZ3ynH0dDIWoixk+XQg1aQ=="
    },
    "node_modules/@pixi/core": {
      "version": "6.0.3",
      "resolved": "https://registry.npmjs.org/@pixi/core/-/core-6.0.3.tgz",
      "integrity": "sha512-mb6/2jZ7wpZIGHTYcVdwA8tu4A5Op6MLI6zpxZ8FEZrWpBQMrP73e86lG50oXvVKH/jCAE3448scDv2PD07PiA==",
      "dependencies": {
        "@pixi/constants": "6.0.3",
        "@pixi/math": "6.0.3",
        "@pixi/runner": "6.0.3",
        "@pixi/settings": "6.0.3",
        "@pixi/ticker": "6.0.3",
        "@pixi/utils": "6.0.3"
      },
      "funding": {
        "type": "opencollective",
        "url": "https://opencollective.com/pixijs"
      }
    },
    "node_modules/@pixi/display": {
      "version": "6.0.3",
      "resolved": "https://registry.npmjs.org/@pixi/display/-/display-6.0.3.tgz",
      "integrity": "sha512-W4kwB4EWJrmdLCMzBFpsOH3s/4fgW54p4JkUXIwhqNGklXguwdc5Lc1xYGbLUhP/KyepdTFyH4y+1Kmc/qPwnw==",
      "dependencies": {
        "@pixi/math": "6.0.3",
        "@pixi/settings": "6.0.3",
        "@pixi/utils": "6.0.3"
      }
    },
    "node_modules/@pixi/extract": {
      "version": "6.0.3",
      "resolved": "https://registry.npmjs.org/@pixi/extract/-/extract-6.0.3.tgz",
      "integrity": "sha512-paOaGUeyMwIANRsc9Zfy36zn0dhowswzPuq9O+Ruzr9jmWbyCCvbXMHjAAGsWYNTDPJbC6SnUKHAIQs2Bu6LNg==",
      "dependencies": {
        "@pixi/core": "6.0.3",
        "@pixi/math": "6.0.3",
        "@pixi/utils": "6.0.3"
      }
    },
    "node_modules/@pixi/filter-alpha": {
      "version": "6.0.3",
      "resolved": "https://registry.npmjs.org/@pixi/filter-alpha/-/filter-alpha-6.0.3.tgz",
      "integrity": "sha512-jq88IC6Mitapq8cgPQeZ2pO4zvw13HEuWv2yUTFMoPMlayoYh6acFwXEBt+mfRveub+56Yh3j80PZHUjYFChiA==",
      "dependencies": {
        "@pixi/core": "6.0.3"
      }
    },
    "node_modules/@pixi/filter-blur": {
      "version": "6.0.3",
      "resolved": "https://registry.npmjs.org/@pixi/filter-blur/-/filter-blur-6.0.3.tgz",
      "integrity": "sha512-9giY4iYq3w4EZ3R2qNg3C2PV+knJfBDqK+H3/eJnewPuO+O3pXynMjehBp+w0sc17nofd9uKno6SncRGEIh4zw==",
      "dependencies": {
        "@pixi/core": "6.0.3",
        "@pixi/settings": "6.0.3"
      }
    },
    "node_modules/@pixi/filter-color-matrix": {
      "version": "6.0.3",
      "resolved": "https://registry.npmjs.org/@pixi/filter-color-matrix/-/filter-color-matrix-6.0.3.tgz",
      "integrity": "sha512-YjAIseEKodICqVy1tm7jpkHWkLdnIv7RZf3PVp6Ql6YTsk2NlUS7DYn2rS7Y3O0tsX/6kQLZlj7Mm4ezYA5c3Q==",
      "dependencies": {
        "@pixi/core": "6.0.3"
      }
    },
    "node_modules/@pixi/filter-displacement": {
      "version": "6.0.3",
      "resolved": "https://registry.npmjs.org/@pixi/filter-displacement/-/filter-displacement-6.0.3.tgz",
      "integrity": "sha512-bSlqwF4u0wfu3WIG6k9XHVdrlCsBa3hJEaoZzHYaijyJOPINikru0/v1zvCpCd+szWY0qpmX0KAb+VX71Jkkcw==",
      "dependencies": {
        "@pixi/core": "6.0.3",
        "@pixi/math": "6.0.3"
      }
    },
    "node_modules/@pixi/filter-fxaa": {
      "version": "6.0.3",
      "resolved": "https://registry.npmjs.org/@pixi/filter-fxaa/-/filter-fxaa-6.0.3.tgz",
      "integrity": "sha512-gNPDbs1IMIEzrXK2gJImHWg2wsllHMy6dU5T673TY1iynvLB91RCoaqB2ChwyG/EL56ZFdr7d10XZmclMUN0ig==",
      "dependencies": {
        "@pixi/core": "6.0.3"
      }
    },
    "node_modules/@pixi/filter-noise": {
      "version": "6.0.3",
      "resolved": "https://registry.npmjs.org/@pixi/filter-noise/-/filter-noise-6.0.3.tgz",
      "integrity": "sha512-/Aksx6uBcSdLtCk8ysCSx1GZiN69GcXBUbbGRK7lUr5Z/zQDrE5uQ0Xbe7DcN0PFcDvul8kBIAa6kdj9RyMoBQ==",
      "dependencies": {
        "@pixi/core": "6.0.3"
      }
    },
    "node_modules/@pixi/graphics": {
      "version": "6.0.3",
      "resolved": "https://registry.npmjs.org/@pixi/graphics/-/graphics-6.0.3.tgz",
      "integrity": "sha512-qygsxaRAmf+hYLSVSQCJ2QXYzrQXE//N3+tgA5bRDgJSpCk0OPGrueu3Xalxff4q/X1AIAMAIgjePWvsW0V02A==",
      "dependencies": {
        "@pixi/constants": "6.0.3",
        "@pixi/core": "6.0.3",
        "@pixi/display": "6.0.3",
        "@pixi/math": "6.0.3",
        "@pixi/sprite": "6.0.3",
        "@pixi/utils": "6.0.3"
      }
    },
    "node_modules/@pixi/interaction": {
      "version": "6.0.3",
      "resolved": "https://registry.npmjs.org/@pixi/interaction/-/interaction-6.0.3.tgz",
      "integrity": "sha512-im1Qk7uaRznWteagoQbD2LmXY3AhlVhgna1AJQwKiLVpyq6xwCZ9eKwL69HsuA8tA4RaxI09qb+DGf2XX77pqw==",
      "dependencies": {
        "@pixi/core": "6.0.3",
        "@pixi/display": "6.0.3",
        "@pixi/math": "6.0.3",
        "@pixi/ticker": "6.0.3",
        "@pixi/utils": "6.0.3"
      }
    },
    "node_modules/@pixi/loaders": {
      "version": "6.0.3",
      "resolved": "https://registry.npmjs.org/@pixi/loaders/-/loaders-6.0.3.tgz",
      "integrity": "sha512-9zU8LuEq2NgBfvAqIFRwKGc66ba83AXSJRwlvY98+ryjm0VZBNYDaBULxA98aVbyYrjQ9unFtC/as4LIb0vuww==",
      "dependencies": {
        "@pixi/constants": "6.0.3",
        "@pixi/core": "6.0.3",
        "@pixi/utils": "6.0.3",
        "resource-loader": "^3.0.1"
      }
    },
    "node_modules/@pixi/math": {
      "version": "6.0.3",
      "resolved": "https://registry.npmjs.org/@pixi/math/-/math-6.0.3.tgz",
      "integrity": "sha512-kwaXr6CcXz6YA7V5lY8AgulciWRHvTQtOXxGzel0GjpqOROVaMxNxd6YcE3WWNjeAs2M6Vsptn48ArEfaA6M0w=="
    },
    "node_modules/@pixi/mesh": {
      "version": "6.0.3",
      "resolved": "https://registry.npmjs.org/@pixi/mesh/-/mesh-6.0.3.tgz",
      "integrity": "sha512-cyX/xP7GGeJlpnvuoy31tFVMDMjwTKbCDoRAt6oFQNNz2TOxUaJWjqN0kIfZ/Kvpoa1wF6vOHq0hsRDZR5Jm2w==",
      "dependencies": {
        "@pixi/constants": "6.0.3",
        "@pixi/core": "6.0.3",
        "@pixi/display": "6.0.3",
        "@pixi/math": "6.0.3",
        "@pixi/settings": "6.0.3",
        "@pixi/utils": "6.0.3"
      }
    },
    "node_modules/@pixi/mesh-extras": {
      "version": "6.0.3",
      "resolved": "https://registry.npmjs.org/@pixi/mesh-extras/-/mesh-extras-6.0.3.tgz",
      "integrity": "sha512-Y8aNweRqWYdA++OLY2W3A4jeDjHAGiKFm8FfZly/JMihQdeiitGFLF/sFK93NOizhL/oE70BEUJ8c/KAg32eFw==",
      "dependencies": {
        "@pixi/constants": "6.0.3",
        "@pixi/core": "6.0.3",
        "@pixi/math": "6.0.3",
        "@pixi/mesh": "6.0.3",
        "@pixi/utils": "6.0.3"
      }
    },
    "node_modules/@pixi/mixin-cache-as-bitmap": {
      "version": "6.0.3",
      "resolved": "https://registry.npmjs.org/@pixi/mixin-cache-as-bitmap/-/mixin-cache-as-bitmap-6.0.3.tgz",
      "integrity": "sha512-9hTGRcOvPE9NO53ZdP9HtvZqXOlSymEID+HxFyuDpNbK4U2MMYggrjFr1GBSPXfODa1yPzXXr5FNfIofzeSIIw==",
      "dependencies": {
        "@pixi/canvas-renderer": "6.0.3",
        "@pixi/core": "6.0.3",
        "@pixi/display": "6.0.3",
        "@pixi/math": "6.0.3",
        "@pixi/settings": "6.0.3",
        "@pixi/sprite": "6.0.3",
        "@pixi/utils": "6.0.3"
      }
    },
    "node_modules/@pixi/mixin-get-child-by-name": {
      "version": "6.0.3",
      "resolved": "https://registry.npmjs.org/@pixi/mixin-get-child-by-name/-/mixin-get-child-by-name-6.0.3.tgz",
      "integrity": "sha512-Rs0zjFmnCyPuUehKFsFM+xn8tb2xdA8vsVJ6YByagThZA4X/wwWR0c0Ej07Lpr4yzqdD+5OJG/mXtg840YzZUg==",
      "dependencies": {
        "@pixi/display": "6.0.3"
      }
    },
    "node_modules/@pixi/mixin-get-global-position": {
      "version": "6.0.3",
      "resolved": "https://registry.npmjs.org/@pixi/mixin-get-global-position/-/mixin-get-global-position-6.0.3.tgz",
      "integrity": "sha512-Cr6/Q1isHquqSSB6b8bTe+Q+hJaObdOl74YLP7SGBcLhJbKLousFwhQfR1IWgnxjWa+PjEUbzXrINidGCvSbEg==",
      "dependencies": {
        "@pixi/display": "6.0.3",
        "@pixi/math": "6.0.3"
      }
    },
    "node_modules/@pixi/particles": {
      "version": "6.0.3",
      "resolved": "https://registry.npmjs.org/@pixi/particles/-/particles-6.0.3.tgz",
      "integrity": "sha512-MPGyuPHUtD1dKCSlNB6YIxCUPR8zdDalrZaJGhjGazWdDo7Bq3PuBdcmEqlHAVFMzRmE2YfTjy8/v25yXxMw2Q==",
      "dependencies": {
        "@pixi/constants": "6.0.3",
        "@pixi/core": "6.0.3",
        "@pixi/display": "6.0.3",
        "@pixi/math": "6.0.3",
        "@pixi/utils": "6.0.3"
      }
    },
    "node_modules/@pixi/polyfill": {
      "version": "6.0.3",
      "resolved": "https://registry.npmjs.org/@pixi/polyfill/-/polyfill-6.0.3.tgz",
      "integrity": "sha512-lDSwbipzzDLOLoQFPqgzMtYrhzviiWIufAYIz3G+VC8xcF4CKNya2oX5B56NTg5aEb+clHlnZ3NjcdmrSzfqyw==",
      "dependencies": {
        "object-assign": "^4.1.1",
        "promise-polyfill": "^8.2.0"
      }
    },
    "node_modules/@pixi/prepare": {
      "version": "6.0.3",
      "resolved": "https://registry.npmjs.org/@pixi/prepare/-/prepare-6.0.3.tgz",
      "integrity": "sha512-v5HvDlfWgPb/kXWAJlO2bFRRp8W0qsltHCbz4cKjtNcTJWzDGfBMibBupqZVlbgyxeOF2CNpOSKlRiswim8+Vw==",
      "dependencies": {
        "@pixi/core": "6.0.3",
        "@pixi/display": "6.0.3",
        "@pixi/graphics": "6.0.3",
        "@pixi/settings": "6.0.3",
        "@pixi/text": "6.0.3",
        "@pixi/ticker": "6.0.3"
      }
    },
    "node_modules/@pixi/runner": {
      "version": "6.0.3",
      "resolved": "https://registry.npmjs.org/@pixi/runner/-/runner-6.0.3.tgz",
      "integrity": "sha512-qxmkk7XEaqMuII5c48fr4/K97TOvXp5CZJKvy/zapDEiFOR+yre4Hg7NMR6fG5fnvavo5CCnZhA2HNiv+ZvBXw=="
    },
    "node_modules/@pixi/settings": {
      "version": "6.0.3",
      "resolved": "https://registry.npmjs.org/@pixi/settings/-/settings-6.0.3.tgz",
      "integrity": "sha512-7MjbR2oF0RIYUR7ZxBU+6ZPXlykjKdDN8C/TR2s+pecLzLB3esYf7S9mT6exohjzsX6OOc75XfRbO7DTMHLDgQ==",
      "dependencies": {
        "ismobilejs": "^1.1.0"
      }
    },
    "node_modules/@pixi/sprite": {
      "version": "6.0.3",
      "resolved": "https://registry.npmjs.org/@pixi/sprite/-/sprite-6.0.3.tgz",
      "integrity": "sha512-p1vJ9tRW59K5eMdS2D1H7exd6KNQmbLqkH1ivWRXYJWA+rmsC4oRqyIY9GMLwkEpFEiS0XJsUECF78HysscGKw==",
      "dependencies": {
        "@pixi/constants": "6.0.3",
        "@pixi/core": "6.0.3",
        "@pixi/display": "6.0.3",
        "@pixi/math": "6.0.3",
        "@pixi/settings": "6.0.3",
        "@pixi/utils": "6.0.3"
      }
    },
    "node_modules/@pixi/sprite-animated": {
      "version": "6.0.3",
      "resolved": "https://registry.npmjs.org/@pixi/sprite-animated/-/sprite-animated-6.0.3.tgz",
      "integrity": "sha512-IFj4lvvsNVjePfLUIPyvWAKsw9bJJVvzX7wLpszgjowE+zDO9XJ+vpDaZHJ7fE5hC3ydoUOz+SM74liCPGPeCA==",
      "dependencies": {
        "@pixi/core": "6.0.3",
        "@pixi/sprite": "6.0.3",
        "@pixi/ticker": "6.0.3"
      }
    },
    "node_modules/@pixi/sprite-tiling": {
      "version": "6.0.3",
      "resolved": "https://registry.npmjs.org/@pixi/sprite-tiling/-/sprite-tiling-6.0.3.tgz",
      "integrity": "sha512-skPGG9MJU/GomSwF37za0MPAUQ+TqHNN4N8zOP/lkqydeHrpGLMGk4Zan8O2btFfqb/ms2ZW+WxTg/hIqsEwPA==",
      "dependencies": {
        "@pixi/constants": "6.0.3",
        "@pixi/core": "6.0.3",
        "@pixi/display": "6.0.3",
        "@pixi/math": "6.0.3",
        "@pixi/sprite": "6.0.3",
        "@pixi/utils": "6.0.3"
      }
    },
    "node_modules/@pixi/spritesheet": {
      "version": "6.0.3",
      "resolved": "https://registry.npmjs.org/@pixi/spritesheet/-/spritesheet-6.0.3.tgz",
      "integrity": "sha512-ykE757Bxay1t9xsYar7dklAv4ZzJItiIkC5SMz5/zgH4nWxzNWBHxoaMSdisCHwuje3vDdhmATb7yJLbvlOoGA==",
      "dependencies": {
        "@pixi/core": "6.0.3",
        "@pixi/loaders": "6.0.3",
        "@pixi/math": "6.0.3",
        "@pixi/utils": "6.0.3"
      }
    },
    "node_modules/@pixi/text": {
      "version": "6.0.3",
      "resolved": "https://registry.npmjs.org/@pixi/text/-/text-6.0.3.tgz",
      "integrity": "sha512-xkwV5jWbOmcvPEVcghIHztn3h7JJm5GlLSOJnYOu/NTkLCoQ24tv8jv8jbjoGuMGousN6+1NwQVTMsmlEF6Frg==",
      "dependencies": {
        "@pixi/core": "6.0.3",
        "@pixi/math": "6.0.3",
        "@pixi/settings": "6.0.3",
        "@pixi/sprite": "6.0.3",
        "@pixi/utils": "6.0.3"
      }
    },
    "node_modules/@pixi/text-bitmap": {
      "version": "6.0.3",
      "resolved": "https://registry.npmjs.org/@pixi/text-bitmap/-/text-bitmap-6.0.3.tgz",
      "integrity": "sha512-CMt1YxAhJEicF5/db6GKRRn10I6Wu/vrzD0PqvtO8E3TlwRApZfDCq6IujBC52xxoeEqBL1gBGxCTZfRs/rpeA==",
      "dependencies": {
        "@pixi/core": "6.0.3",
        "@pixi/display": "6.0.3",
        "@pixi/loaders": "6.0.3",
        "@pixi/math": "6.0.3",
        "@pixi/mesh": "6.0.3",
        "@pixi/settings": "6.0.3",
        "@pixi/text": "6.0.3",
        "@pixi/utils": "6.0.3"
      }
    },
    "node_modules/@pixi/ticker": {
      "version": "6.0.3",
      "resolved": "https://registry.npmjs.org/@pixi/ticker/-/ticker-6.0.3.tgz",
      "integrity": "sha512-e2EcdN1gDr7/CCKYRQ9LF/nxEYzhh81PYmpoVK/H+Qc2dtWlbUdfouBHkwzSMmqm/RLfI7k/uMBJnKOTHwsZlg==",
      "dependencies": {
        "@pixi/settings": "6.0.3"
      }
    },
    "node_modules/@pixi/utils": {
      "version": "6.0.3",
      "resolved": "https://registry.npmjs.org/@pixi/utils/-/utils-6.0.3.tgz",
      "integrity": "sha512-yOtuglk158m+5Z85PbLxtgGbQRQcHHxakvAtngKhTT32bjavKDpKEwTdAqcERUyEGpIFLnPVKM4W8IqJUYt81Q==",
      "dependencies": {
        "@pixi/constants": "6.0.3",
        "@pixi/settings": "6.0.3",
        "@types/earcut": "^2.1.0",
        "earcut": "^2.2.2",
        "eventemitter3": "^3.1.0",
        "url": "^0.11.0"
      }
    },
    "node_modules/@types/earcut": {
      "version": "2.1.1",
      "resolved": "https://registry.npmjs.org/@types/earcut/-/earcut-2.1.1.tgz",
      "integrity": "sha512-w8oigUCDjElRHRRrMvn/spybSMyX8MTkKA5Dv+tS1IE/TgmNZPqUYtvYBXGY8cieSE66gm+szeK+bnbxC2xHTQ=="
    },
    "node_modules/earcut": {
      "version": "2.2.2",
      "resolved": "https://registry.npmjs.org/earcut/-/earcut-2.2.2.tgz",
      "integrity": "sha512-eZoZPPJcUHnfRZ0PjLvx2qBordSiO8ofC3vt+qACLM95u+4DovnbYNpQtJh0DNsWj8RnxrQytD4WA8gj5cRIaQ=="
    },
    "node_modules/eventemitter3": {
      "version": "3.1.2",
      "resolved": "https://registry.npmjs.org/eventemitter3/-/eventemitter3-3.1.2.tgz",
      "integrity": "sha512-tvtQIeLVHjDkJYnzf2dgVMxfuSGJeM/7UCG17TT4EumTfNtF+0nebF/4zWOIkCreAbtNqhGEboB6BWrwqNaw4Q=="
    },
    "node_modules/ismobilejs": {
      "version": "1.1.1",
      "resolved": "https://registry.npmjs.org/ismobilejs/-/ismobilejs-1.1.1.tgz",
      "integrity": "sha512-VaFW53yt8QO61k2WJui0dHf4SlL8lxBofUuUmwBo0ljPk0Drz2TiuDW4jo3wDcv41qy/SxrJ+VAzJ/qYqsmzRw=="
    },
    "node_modules/mini-signals": {
      "version": "1.2.0",
      "resolved": "https://registry.npmjs.org/mini-signals/-/mini-signals-1.2.0.tgz",
      "integrity": "sha1-RbCAE8X65RokqhqTXNMXye1yHXQ="
    },
    "node_modules/object-assign": {
      "version": "4.1.1",
      "resolved": "https://registry.npmjs.org/object-assign/-/object-assign-4.1.1.tgz",
      "integrity": "sha1-IQmtx5ZYh8/AXLvUQsrIv7s2CGM=",
      "engines": {
        "node": ">=0.10.0"
      }
    },
    "node_modules/parse-uri": {
      "version": "1.0.3",
      "resolved": "https://registry.npmjs.org/parse-uri/-/parse-uri-1.0.3.tgz",
      "integrity": "sha512-upMnGxNcm+45So85HoguwZTVZI9u11i36DdxJfGF2HYWS2eh3TIx7+/tTi7qrEq15qzGkVhsKjesau+kCk48pA==",
      "engines": {
        "node": ">= 0.10"
      }
    },
    "node_modules/pixi.js": {
      "version": "6.0.3",
      "resolved": "https://registry.npmjs.org/pixi.js/-/pixi.js-6.0.3.tgz",
      "integrity": "sha512-NYmLsufTK8H2GW5RXNp7VG0/n4Ip1MkWlFvFPemFqW02Re8g6TPFibw2QluKfCUd8vnTsWMa+cZI9ZfEkGK9Fg==",
      "dependencies": {
        "@pixi/accessibility": "6.0.3",
        "@pixi/app": "6.0.3",
        "@pixi/compressed-textures": "6.0.3",
        "@pixi/constants": "6.0.3",
        "@pixi/core": "6.0.3",
        "@pixi/display": "6.0.3",
        "@pixi/extract": "6.0.3",
        "@pixi/filter-alpha": "6.0.3",
        "@pixi/filter-blur": "6.0.3",
        "@pixi/filter-color-matrix": "6.0.3",
        "@pixi/filter-displacement": "6.0.3",
        "@pixi/filter-fxaa": "6.0.3",
        "@pixi/filter-noise": "6.0.3",
        "@pixi/graphics": "6.0.3",
        "@pixi/interaction": "6.0.3",
        "@pixi/loaders": "6.0.3",
        "@pixi/math": "6.0.3",
        "@pixi/mesh": "6.0.3",
        "@pixi/mesh-extras": "6.0.3",
        "@pixi/mixin-cache-as-bitmap": "6.0.3",
        "@pixi/mixin-get-child-by-name": "6.0.3",
        "@pixi/mixin-get-global-position": "6.0.3",
        "@pixi/particles": "6.0.3",
        "@pixi/polyfill": "6.0.3",
        "@pixi/prepare": "6.0.3",
        "@pixi/runner": "6.0.3",
        "@pixi/settings": "6.0.3",
        "@pixi/sprite": "6.0.3",
        "@pixi/sprite-animated": "6.0.3",
        "@pixi/sprite-tiling": "6.0.3",
        "@pixi/spritesheet": "6.0.3",
        "@pixi/text": "6.0.3",
        "@pixi/text-bitmap": "6.0.3",
        "@pixi/ticker": "6.0.3",
        "@pixi/utils": "6.0.3"
      },
      "funding": {
        "type": "opencollective",
        "url": "https://opencollective.com/pixijs"
      }
    },
    "node_modules/promise-polyfill": {
      "version": "8.2.0",
      "resolved": "https://registry.npmjs.org/promise-polyfill/-/promise-polyfill-8.2.0.tgz",
      "integrity": "sha512-k/TC0mIcPVF6yHhUvwAp7cvL6I2fFV7TzF1DuGPI8mBh4QQazf36xCKEHKTZKRysEoTQoQdKyP25J8MPJp7j5g=="
    },
    "node_modules/punycode": {
      "version": "1.3.2",
      "resolved": "https://registry.npmjs.org/punycode/-/punycode-1.3.2.tgz",
      "integrity": "sha1-llOgNvt8HuQjQvIyXM7v6jkmxI0="
    },
    "node_modules/querystring": {
      "version": "0.2.0",
      "resolved": "https://registry.npmjs.org/querystring/-/querystring-0.2.0.tgz",
      "integrity": "sha1-sgmEkgO7Jd+CDadW50cAWHhSFiA=",
      "engines": {
        "node": ">=0.4.x"
      }
    },
    "node_modules/resource-loader": {
      "version": "3.0.1",
      "resolved": "https://registry.npmjs.org/resource-loader/-/resource-loader-3.0.1.tgz",
      "integrity": "sha512-fBuCRbEHdLCI1eglzQhUv9Rrdcmqkydr1r6uHE2cYHvRBrcLXeSmbE/qI/urFt8rPr/IGxir3BUwM5kUK8XoyA==",
      "dependencies": {
        "mini-signals": "^1.2.0",
        "parse-uri": "^1.0.0"
      }
    },
    "node_modules/url": {
      "version": "0.11.0",
      "resolved": "https://registry.npmjs.org/url/-/url-0.11.0.tgz",
      "integrity": "sha1-ODjpfPxgUh63PFJajlW/3Z4uKPE=",
      "dependencies": {
        "punycode": "1.3.2",
        "querystring": "0.2.0"
      }
    }
  },
  "dependencies": {
    "@pixi/accessibility": {
      "version": "6.0.3",
      "resolved": "https://registry.npmjs.org/@pixi/accessibility/-/accessibility-6.0.3.tgz",
      "integrity": "sha512-7BBsVHoX1NbJj5HosLVBXSsKF5yfXTNRVb/qttsuQ1+apPde5uLyLD+4D9uBrH2NN+oWKdPmF8oMk4YopgmLRQ==",
      "requires": {
        "@pixi/canvas-renderer": "6.0.3",
        "@pixi/core": "6.0.3",
        "@pixi/display": "6.0.3",
        "@pixi/utils": "6.0.3"
      }
    },
    "@pixi/app": {
      "version": "6.0.3",
      "resolved": "https://registry.npmjs.org/@pixi/app/-/app-6.0.3.tgz",
      "integrity": "sha512-0aKicH9MDYE0jWQz73TXQ8kAHuHnBjXeQlMfW6YeprC98xg3PqUAxX1uYo+mRwZfbT9sTMhZhts6LxZX9GLzzg==",
      "requires": {
        "@pixi/core": "6.0.3",
        "@pixi/display": "6.0.3"
      }
    },
    "@pixi/canvas-renderer": {
      "version": "6.0.3",
      "resolved": "https://registry.npmjs.org/@pixi/canvas-renderer/-/canvas-renderer-6.0.3.tgz",
      "integrity": "sha512-IuaGP3qlxPalptrj7KBOyBhUK52lsxOIn2Rwdmt0Rxlxp3zjLpEs9noGb4sj8b01+0b+iCeeQWewBom1IRkWKw==",
      "requires": {
        "@pixi/constants": "6.0.3",
        "@pixi/core": "6.0.3",
        "@pixi/math": "6.0.3",
        "@pixi/settings": "6.0.3",
        "@pixi/utils": "6.0.3"
      }
    },
    "@pixi/compressed-textures": {
      "version": "6.0.3",
      "resolved": "https://registry.npmjs.org/@pixi/compressed-textures/-/compressed-textures-6.0.3.tgz",
      "integrity": "sha512-W1UnNEjgAOPJEAFyDPgBnHJluJfOkw/1JbYBAg7T/0Q6FgfiYjKHsirt/J6ceXOJTcHw/yAdpgTPZSajc53B/Q==",
      "requires": {
        "@pixi/constants": "6.0.3",
        "@pixi/core": "6.0.3",
        "@pixi/loaders": "6.0.3",
        "@pixi/utils": "6.0.3"
      }
    },
    "@pixi/constants": {
      "version": "6.0.3",
      "resolved": "https://registry.npmjs.org/@pixi/constants/-/constants-6.0.3.tgz",
      "integrity": "sha512-QNgQqZJCcocbAcAiDTUfkYWV+Y2PRGl4y0HfA4hHi8x0QopM77cLQoL0mBqwG5QCYZ3ynH0dDIWoixk+XQg1aQ=="
    },
    "@pixi/core": {
      "version": "6.0.3",
      "resolved": "https://registry.npmjs.org/@pixi/core/-/core-6.0.3.tgz",
      "integrity": "sha512-mb6/2jZ7wpZIGHTYcVdwA8tu4A5Op6MLI6zpxZ8FEZrWpBQMrP73e86lG50oXvVKH/jCAE3448scDv2PD07PiA==",
      "requires": {
        "@pixi/constants": "6.0.3",
        "@pixi/math": "6.0.3",
        "@pixi/runner": "6.0.3",
        "@pixi/settings": "6.0.3",
        "@pixi/ticker": "6.0.3",
        "@pixi/utils": "6.0.3"
      }
    },
    "@pixi/display": {
      "version": "6.0.3",
      "resolved": "https://registry.npmjs.org/@pixi/display/-/display-6.0.3.tgz",
      "integrity": "sha512-W4kwB4EWJrmdLCMzBFpsOH3s/4fgW54p4JkUXIwhqNGklXguwdc5Lc1xYGbLUhP/KyepdTFyH4y+1Kmc/qPwnw==",
      "requires": {
        "@pixi/math": "6.0.3",
        "@pixi/settings": "6.0.3",
        "@pixi/utils": "6.0.3"
      }
    },
    "@pixi/extract": {
      "version": "6.0.3",
      "resolved": "https://registry.npmjs.org/@pixi/extract/-/extract-6.0.3.tgz",
      "integrity": "sha512-paOaGUeyMwIANRsc9Zfy36zn0dhowswzPuq9O+Ruzr9jmWbyCCvbXMHjAAGsWYNTDPJbC6SnUKHAIQs2Bu6LNg==",
      "requires": {
        "@pixi/core": "6.0.3",
        "@pixi/math": "6.0.3",
        "@pixi/utils": "6.0.3"
      }
    },
    "@pixi/filter-alpha": {
      "version": "6.0.3",
      "resolved": "https://registry.npmjs.org/@pixi/filter-alpha/-/filter-alpha-6.0.3.tgz",
      "integrity": "sha512-jq88IC6Mitapq8cgPQeZ2pO4zvw13HEuWv2yUTFMoPMlayoYh6acFwXEBt+mfRveub+56Yh3j80PZHUjYFChiA==",
      "requires": {
        "@pixi/core": "6.0.3"
      }
    },
    "@pixi/filter-blur": {
      "version": "6.0.3",
      "resolved": "https://registry.npmjs.org/@pixi/filter-blur/-/filter-blur-6.0.3.tgz",
      "integrity": "sha512-9giY4iYq3w4EZ3R2qNg3C2PV+knJfBDqK+H3/eJnewPuO+O3pXynMjehBp+w0sc17nofd9uKno6SncRGEIh4zw==",
      "requires": {
        "@pixi/core": "6.0.3",
        "@pixi/settings": "6.0.3"
      }
    },
    "@pixi/filter-color-matrix": {
      "version": "6.0.3",
      "resolved": "https://registry.npmjs.org/@pixi/filter-color-matrix/-/filter-color-matrix-6.0.3.tgz",
      "integrity": "sha512-YjAIseEKodICqVy1tm7jpkHWkLdnIv7RZf3PVp6Ql6YTsk2NlUS7DYn2rS7Y3O0tsX/6kQLZlj7Mm4ezYA5c3Q==",
      "requires": {
        "@pixi/core": "6.0.3"
      }
    },
    "@pixi/filter-displacement": {
      "version": "6.0.3",
      "resolved": "https://registry.npmjs.org/@pixi/filter-displacement/-/filter-displacement-6.0.3.tgz",
      "integrity": "sha512-bSlqwF4u0wfu3WIG6k9XHVdrlCsBa3hJEaoZzHYaijyJOPINikru0/v1zvCpCd+szWY0qpmX0KAb+VX71Jkkcw==",
      "requires": {
        "@pixi/core": "6.0.3",
        "@pixi/math": "6.0.3"
      }
    },
    "@pixi/filter-fxaa": {
      "version": "6.0.3",
      "resolved": "https://registry.npmjs.org/@pixi/filter-fxaa/-/filter-fxaa-6.0.3.tgz",
      "integrity": "sha512-gNPDbs1IMIEzrXK2gJImHWg2wsllHMy6dU5T673TY1iynvLB91RCoaqB2ChwyG/EL56ZFdr7d10XZmclMUN0ig==",
      "requires": {
        "@pixi/core": "6.0.3"
      }
    },
    "@pixi/filter-noise": {
      "version": "6.0.3",
      "resolved": "https://registry.npmjs.org/@pixi/filter-noise/-/filter-noise-6.0.3.tgz",
      "integrity": "sha512-/Aksx6uBcSdLtCk8ysCSx1GZiN69GcXBUbbGRK7lUr5Z/zQDrE5uQ0Xbe7DcN0PFcDvul8kBIAa6kdj9RyMoBQ==",
      "requires": {
        "@pixi/core": "6.0.3"
      }
    },
    "@pixi/graphics": {
      "version": "6.0.3",
      "resolved": "https://registry.npmjs.org/@pixi/graphics/-/graphics-6.0.3.tgz",
      "integrity": "sha512-qygsxaRAmf+hYLSVSQCJ2QXYzrQXE//N3+tgA5bRDgJSpCk0OPGrueu3Xalxff4q/X1AIAMAIgjePWvsW0V02A==",
      "requires": {
        "@pixi/constants": "6.0.3",
        "@pixi/core": "6.0.3",
        "@pixi/display": "6.0.3",
        "@pixi/math": "6.0.3",
        "@pixi/sprite": "6.0.3",
        "@pixi/utils": "6.0.3"
      }
    },
    "@pixi/interaction": {
      "version": "6.0.3",
      "resolved": "https://registry.npmjs.org/@pixi/interaction/-/interaction-6.0.3.tgz",
      "integrity": "sha512-im1Qk7uaRznWteagoQbD2LmXY3AhlVhgna1AJQwKiLVpyq6xwCZ9eKwL69HsuA8tA4RaxI09qb+DGf2XX77pqw==",
      "requires": {
        "@pixi/core": "6.0.3",
        "@pixi/display": "6.0.3",
        "@pixi/math": "6.0.3",
        "@pixi/ticker": "6.0.3",
        "@pixi/utils": "6.0.3"
      }
    },
    "@pixi/loaders": {
      "version": "6.0.3",
      "resolved": "https://registry.npmjs.org/@pixi/loaders/-/loaders-6.0.3.tgz",
      "integrity": "sha512-9zU8LuEq2NgBfvAqIFRwKGc66ba83AXSJRwlvY98+ryjm0VZBNYDaBULxA98aVbyYrjQ9unFtC/as4LIb0vuww==",
      "requires": {
        "@pixi/constants": "6.0.3",
        "@pixi/core": "6.0.3",
        "@pixi/utils": "6.0.3",
        "resource-loader": "^3.0.1"
      }
    },
    "@pixi/math": {
      "version": "6.0.3",
      "resolved": "https://registry.npmjs.org/@pixi/math/-/math-6.0.3.tgz",
      "integrity": "sha512-kwaXr6CcXz6YA7V5lY8AgulciWRHvTQtOXxGzel0GjpqOROVaMxNxd6YcE3WWNjeAs2M6Vsptn48ArEfaA6M0w=="
    },
    "@pixi/mesh": {
      "version": "6.0.3",
      "resolved": "https://registry.npmjs.org/@pixi/mesh/-/mesh-6.0.3.tgz",
      "integrity": "sha512-cyX/xP7GGeJlpnvuoy31tFVMDMjwTKbCDoRAt6oFQNNz2TOxUaJWjqN0kIfZ/Kvpoa1wF6vOHq0hsRDZR5Jm2w==",
      "requires": {
        "@pixi/constants": "6.0.3",
        "@pixi/core": "6.0.3",
        "@pixi/display": "6.0.3",
        "@pixi/math": "6.0.3",
        "@pixi/settings": "6.0.3",
        "@pixi/utils": "6.0.3"
      }
    },
    "@pixi/mesh-extras": {
      "version": "6.0.3",
      "resolved": "https://registry.npmjs.org/@pixi/mesh-extras/-/mesh-extras-6.0.3.tgz",
      "integrity": "sha512-Y8aNweRqWYdA++OLY2W3A4jeDjHAGiKFm8FfZly/JMihQdeiitGFLF/sFK93NOizhL/oE70BEUJ8c/KAg32eFw==",
      "requires": {
        "@pixi/constants": "6.0.3",
        "@pixi/core": "6.0.3",
        "@pixi/math": "6.0.3",
        "@pixi/mesh": "6.0.3",
        "@pixi/utils": "6.0.3"
      }
    },
    "@pixi/mixin-cache-as-bitmap": {
      "version": "6.0.3",
      "resolved": "https://registry.npmjs.org/@pixi/mixin-cache-as-bitmap/-/mixin-cache-as-bitmap-6.0.3.tgz",
      "integrity": "sha512-9hTGRcOvPE9NO53ZdP9HtvZqXOlSymEID+HxFyuDpNbK4U2MMYggrjFr1GBSPXfODa1yPzXXr5FNfIofzeSIIw==",
      "requires": {
        "@pixi/canvas-renderer": "6.0.3",
        "@pixi/core": "6.0.3",
        "@pixi/display": "6.0.3",
        "@pixi/math": "6.0.3",
        "@pixi/settings": "6.0.3",
        "@pixi/sprite": "6.0.3",
        "@pixi/utils": "6.0.3"
      }
    },
    "@pixi/mixin-get-child-by-name": {
      "version": "6.0.3",
      "resolved": "https://registry.npmjs.org/@pixi/mixin-get-child-by-name/-/mixin-get-child-by-name-6.0.3.tgz",
      "integrity": "sha512-Rs0zjFmnCyPuUehKFsFM+xn8tb2xdA8vsVJ6YByagThZA4X/wwWR0c0Ej07Lpr4yzqdD+5OJG/mXtg840YzZUg==",
      "requires": {
        "@pixi/display": "6.0.3"
      }
    },
    "@pixi/mixin-get-global-position": {
      "version": "6.0.3",
      "resolved": "https://registry.npmjs.org/@pixi/mixin-get-global-position/-/mixin-get-global-position-6.0.3.tgz",
      "integrity": "sha512-Cr6/Q1isHquqSSB6b8bTe+Q+hJaObdOl74YLP7SGBcLhJbKLousFwhQfR1IWgnxjWa+PjEUbzXrINidGCvSbEg==",
      "requires": {
        "@pixi/display": "6.0.3",
        "@pixi/math": "6.0.3"
      }
    },
    "@pixi/particles": {
      "version": "6.0.3",
      "resolved": "https://registry.npmjs.org/@pixi/particles/-/particles-6.0.3.tgz",
      "integrity": "sha512-MPGyuPHUtD1dKCSlNB6YIxCUPR8zdDalrZaJGhjGazWdDo7Bq3PuBdcmEqlHAVFMzRmE2YfTjy8/v25yXxMw2Q==",
      "requires": {
        "@pixi/constants": "6.0.3",
        "@pixi/core": "6.0.3",
        "@pixi/display": "6.0.3",
        "@pixi/math": "6.0.3",
        "@pixi/utils": "6.0.3"
      }
    },
    "@pixi/polyfill": {
      "version": "6.0.3",
      "resolved": "https://registry.npmjs.org/@pixi/polyfill/-/polyfill-6.0.3.tgz",
      "integrity": "sha512-lDSwbipzzDLOLoQFPqgzMtYrhzviiWIufAYIz3G+VC8xcF4CKNya2oX5B56NTg5aEb+clHlnZ3NjcdmrSzfqyw==",
      "requires": {
        "object-assign": "^4.1.1",
        "promise-polyfill": "^8.2.0"
      }
    },
    "@pixi/prepare": {
      "version": "6.0.3",
      "resolved": "https://registry.npmjs.org/@pixi/prepare/-/prepare-6.0.3.tgz",
      "integrity": "sha512-v5HvDlfWgPb/kXWAJlO2bFRRp8W0qsltHCbz4cKjtNcTJWzDGfBMibBupqZVlbgyxeOF2CNpOSKlRiswim8+Vw==",
      "requires": {
        "@pixi/core": "6.0.3",
        "@pixi/display": "6.0.3",
        "@pixi/graphics": "6.0.3",
        "@pixi/settings": "6.0.3",
        "@pixi/text": "6.0.3",
        "@pixi/ticker": "6.0.3"
      }
    },
    "@pixi/runner": {
      "version": "6.0.3",
      "resolved": "https://registry.npmjs.org/@pixi/runner/-/runner-6.0.3.tgz",
      "integrity": "sha512-qxmkk7XEaqMuII5c48fr4/K97TOvXp5CZJKvy/zapDEiFOR+yre4Hg7NMR6fG5fnvavo5CCnZhA2HNiv+ZvBXw=="
    },
    "@pixi/settings": {
      "version": "6.0.3",
      "resolved": "https://registry.npmjs.org/@pixi/settings/-/settings-6.0.3.tgz",
      "integrity": "sha512-7MjbR2oF0RIYUR7ZxBU+6ZPXlykjKdDN8C/TR2s+pecLzLB3esYf7S9mT6exohjzsX6OOc75XfRbO7DTMHLDgQ==",
      "requires": {
        "ismobilejs": "^1.1.0"
      }
    },
    "@pixi/sprite": {
      "version": "6.0.3",
      "resolved": "https://registry.npmjs.org/@pixi/sprite/-/sprite-6.0.3.tgz",
      "integrity": "sha512-p1vJ9tRW59K5eMdS2D1H7exd6KNQmbLqkH1ivWRXYJWA+rmsC4oRqyIY9GMLwkEpFEiS0XJsUECF78HysscGKw==",
      "requires": {
        "@pixi/constants": "6.0.3",
        "@pixi/core": "6.0.3",
        "@pixi/display": "6.0.3",
        "@pixi/math": "6.0.3",
        "@pixi/settings": "6.0.3",
        "@pixi/utils": "6.0.3"
      }
    },
    "@pixi/sprite-animated": {
      "version": "6.0.3",
      "resolved": "https://registry.npmjs.org/@pixi/sprite-animated/-/sprite-animated-6.0.3.tgz",
      "integrity": "sha512-IFj4lvvsNVjePfLUIPyvWAKsw9bJJVvzX7wLpszgjowE+zDO9XJ+vpDaZHJ7fE5hC3ydoUOz+SM74liCPGPeCA==",
      "requires": {
        "@pixi/core": "6.0.3",
        "@pixi/sprite": "6.0.3",
        "@pixi/ticker": "6.0.3"
      }
    },
    "@pixi/sprite-tiling": {
      "version": "6.0.3",
      "resolved": "https://registry.npmjs.org/@pixi/sprite-tiling/-/sprite-tiling-6.0.3.tgz",
      "integrity": "sha512-skPGG9MJU/GomSwF37za0MPAUQ+TqHNN4N8zOP/lkqydeHrpGLMGk4Zan8O2btFfqb/ms2ZW+WxTg/hIqsEwPA==",
      "requires": {
        "@pixi/constants": "6.0.3",
        "@pixi/core": "6.0.3",
        "@pixi/display": "6.0.3",
        "@pixi/math": "6.0.3",
        "@pixi/sprite": "6.0.3",
        "@pixi/utils": "6.0.3"
      }
    },
    "@pixi/spritesheet": {
      "version": "6.0.3",
      "resolved": "https://registry.npmjs.org/@pixi/spritesheet/-/spritesheet-6.0.3.tgz",
      "integrity": "sha512-ykE757Bxay1t9xsYar7dklAv4ZzJItiIkC5SMz5/zgH4nWxzNWBHxoaMSdisCHwuje3vDdhmATb7yJLbvlOoGA==",
      "requires": {
        "@pixi/core": "6.0.3",
        "@pixi/loaders": "6.0.3",
        "@pixi/math": "6.0.3",
        "@pixi/utils": "6.0.3"
      }
    },
    "@pixi/text": {
      "version": "6.0.3",
      "resolved": "https://registry.npmjs.org/@pixi/text/-/text-6.0.3.tgz",
      "integrity": "sha512-xkwV5jWbOmcvPEVcghIHztn3h7JJm5GlLSOJnYOu/NTkLCoQ24tv8jv8jbjoGuMGousN6+1NwQVTMsmlEF6Frg==",
      "requires": {
        "@pixi/core": "6.0.3",
        "@pixi/math": "6.0.3",
        "@pixi/settings": "6.0.3",
        "@pixi/sprite": "6.0.3",
        "@pixi/utils": "6.0.3"
      }
    },
    "@pixi/text-bitmap": {
      "version": "6.0.3",
      "resolved": "https://registry.npmjs.org/@pixi/text-bitmap/-/text-bitmap-6.0.3.tgz",
      "integrity": "sha512-CMt1YxAhJEicF5/db6GKRRn10I6Wu/vrzD0PqvtO8E3TlwRApZfDCq6IujBC52xxoeEqBL1gBGxCTZfRs/rpeA==",
      "requires": {
        "@pixi/core": "6.0.3",
        "@pixi/display": "6.0.3",
        "@pixi/loaders": "6.0.3",
        "@pixi/math": "6.0.3",
        "@pixi/mesh": "6.0.3",
        "@pixi/settings": "6.0.3",
        "@pixi/text": "6.0.3",
        "@pixi/utils": "6.0.3"
      }
    },
    "@pixi/ticker": {
      "version": "6.0.3",
      "resolved": "https://registry.npmjs.org/@pixi/ticker/-/ticker-6.0.3.tgz",
      "integrity": "sha512-e2EcdN1gDr7/CCKYRQ9LF/nxEYzhh81PYmpoVK/H+Qc2dtWlbUdfouBHkwzSMmqm/RLfI7k/uMBJnKOTHwsZlg==",
      "requires": {
        "@pixi/settings": "6.0.3"
      }
    },
    "@pixi/utils": {
      "version": "6.0.3",
      "resolved": "https://registry.npmjs.org/@pixi/utils/-/utils-6.0.3.tgz",
      "integrity": "sha512-yOtuglk158m+5Z85PbLxtgGbQRQcHHxakvAtngKhTT32bjavKDpKEwTdAqcERUyEGpIFLnPVKM4W8IqJUYt81Q==",
      "requires": {
        "@pixi/constants": "6.0.3",
        "@pixi/settings": "6.0.3",
        "@types/earcut": "^2.1.0",
        "earcut": "^2.2.2",
        "eventemitter3": "^3.1.0",
        "url": "^0.11.0"
      }
    },
    "@types/earcut": {
      "version": "2.1.1",
      "resolved": "https://registry.npmjs.org/@types/earcut/-/earcut-2.1.1.tgz",
      "integrity": "sha512-w8oigUCDjElRHRRrMvn/spybSMyX8MTkKA5Dv+tS1IE/TgmNZPqUYtvYBXGY8cieSE66gm+szeK+bnbxC2xHTQ=="
    },
    "earcut": {
      "version": "2.2.2",
      "resolved": "https://registry.npmjs.org/earcut/-/earcut-2.2.2.tgz",
      "integrity": "sha512-eZoZPPJcUHnfRZ0PjLvx2qBordSiO8ofC3vt+qACLM95u+4DovnbYNpQtJh0DNsWj8RnxrQytD4WA8gj5cRIaQ=="
    },
    "eventemitter3": {
      "version": "3.1.2",
      "resolved": "https://registry.npmjs.org/eventemitter3/-/eventemitter3-3.1.2.tgz",
      "integrity": "sha512-tvtQIeLVHjDkJYnzf2dgVMxfuSGJeM/7UCG17TT4EumTfNtF+0nebF/4zWOIkCreAbtNqhGEboB6BWrwqNaw4Q=="
    },
    "ismobilejs": {
      "version": "1.1.1",
      "resolved": "https://registry.npmjs.org/ismobilejs/-/ismobilejs-1.1.1.tgz",
      "integrity": "sha512-VaFW53yt8QO61k2WJui0dHf4SlL8lxBofUuUmwBo0ljPk0Drz2TiuDW4jo3wDcv41qy/SxrJ+VAzJ/qYqsmzRw=="
    },
    "mini-signals": {
      "version": "1.2.0",
      "resolved": "https://registry.npmjs.org/mini-signals/-/mini-signals-1.2.0.tgz",
      "integrity": "sha1-RbCAE8X65RokqhqTXNMXye1yHXQ="
    },
    "object-assign": {
      "version": "4.1.1",
      "resolved": "https://registry.npmjs.org/object-assign/-/object-assign-4.1.1.tgz",
      "integrity": "sha1-IQmtx5ZYh8/AXLvUQsrIv7s2CGM="
    },
    "parse-uri": {
      "version": "1.0.3",
      "resolved": "https://registry.npmjs.org/parse-uri/-/parse-uri-1.0.3.tgz",
      "integrity": "sha512-upMnGxNcm+45So85HoguwZTVZI9u11i36DdxJfGF2HYWS2eh3TIx7+/tTi7qrEq15qzGkVhsKjesau+kCk48pA=="
    },
    "pixi.js": {
      "version": "6.0.3",
      "resolved": "https://registry.npmjs.org/pixi.js/-/pixi.js-6.0.3.tgz",
      "integrity": "sha512-NYmLsufTK8H2GW5RXNp7VG0/n4Ip1MkWlFvFPemFqW02Re8g6TPFibw2QluKfCUd8vnTsWMa+cZI9ZfEkGK9Fg==",
      "requires": {
        "@pixi/accessibility": "6.0.3",
        "@pixi/app": "6.0.3",
        "@pixi/compressed-textures": "6.0.3",
        "@pixi/constants": "6.0.3",
        "@pixi/core": "6.0.3",
        "@pixi/display": "6.0.3",
        "@pixi/extract": "6.0.3",
        "@pixi/filter-alpha": "6.0.3",
        "@pixi/filter-blur": "6.0.3",
        "@pixi/filter-color-matrix": "6.0.3",
        "@pixi/filter-displacement": "6.0.3",
        "@pixi/filter-fxaa": "6.0.3",
        "@pixi/filter-noise": "6.0.3",
        "@pixi/graphics": "6.0.3",
        "@pixi/interaction": "6.0.3",
        "@pixi/loaders": "6.0.3",
        "@pixi/math": "6.0.3",
        "@pixi/mesh": "6.0.3",
        "@pixi/mesh-extras": "6.0.3",
        "@pixi/mixin-cache-as-bitmap": "6.0.3",
        "@pixi/mixin-get-child-by-name": "6.0.3",
        "@pixi/mixin-get-global-position": "6.0.3",
        "@pixi/particles": "6.0.3",
        "@pixi/polyfill": "6.0.3",
        "@pixi/prepare": "6.0.3",
        "@pixi/runner": "6.0.3",
        "@pixi/settings": "6.0.3",
        "@pixi/sprite": "6.0.3",
        "@pixi/sprite-animated": "6.0.3",
        "@pixi/sprite-tiling": "6.0.3",
        "@pixi/spritesheet": "6.0.3",
        "@pixi/text": "6.0.3",
        "@pixi/text-bitmap": "6.0.3",
        "@pixi/ticker": "6.0.3",
        "@pixi/utils": "6.0.3"
      }
    },
    "promise-polyfill": {
      "version": "8.2.0",
      "resolved": "https://registry.npmjs.org/promise-polyfill/-/promise-polyfill-8.2.0.tgz",
      "integrity": "sha512-k/TC0mIcPVF6yHhUvwAp7cvL6I2fFV7TzF1DuGPI8mBh4QQazf36xCKEHKTZKRysEoTQoQdKyP25J8MPJp7j5g=="
    },
    "punycode": {
      "version": "1.3.2",
      "resolved": "https://registry.npmjs.org/punycode/-/punycode-1.3.2.tgz",
      "integrity": "sha1-llOgNvt8HuQjQvIyXM7v6jkmxI0="
    },
    "querystring": {
      "version": "0.2.0",
      "resolved": "https://registry.npmjs.org/querystring/-/querystring-0.2.0.tgz",
      "integrity": "sha1-sgmEkgO7Jd+CDadW50cAWHhSFiA="
    },
    "resource-loader": {
      "version": "3.0.1",
      "resolved": "https://registry.npmjs.org/resource-loader/-/resource-loader-3.0.1.tgz",
      "integrity": "sha512-fBuCRbEHdLCI1eglzQhUv9Rrdcmqkydr1r6uHE2cYHvRBrcLXeSmbE/qI/urFt8rPr/IGxir3BUwM5kUK8XoyA==",
      "requires": {
        "mini-signals": "^1.2.0",
        "parse-uri": "^1.0.0"
      }
    },
    "url": {
      "version": "0.11.0",
      "resolved": "https://registry.npmjs.org/url/-/url-0.11.0.tgz",
      "integrity": "sha1-ODjpfPxgUh63PFJajlW/3Z4uKPE=",
      "requires": {
        "punycode": "1.3.2",
        "querystring": "0.2.0"
      }
    }
  }
}
